
Microsoft Visual Studio Solution File, Format Version 12.00
# Visual Studio Version 17
VisualStudioVersion = 17.14.36327.8 d17.14
MinimumVisualStudioVersion = 10.0.40219.1
Project("{FAE04EC0-301F-11D3-BF4B-00C04F79EFBC}") = "Practica", "Practica.csproj", "{3C583985-4739-4634-81AA-1DC54D5C0356}"
EndProject
Global
	GlobalSection(SolutionConfigurationPlatforms) = preSolution
		Debug|Any CPU = Debug|Any CPU
		Release|Any CPU = Release|Any CPU
	EndGlobalSection
	GlobalSection(ProjectConfigurationPlatforms) = postSolution
		{3C583985-4739-4634-81AA-1DC54D5C0356}.Debug|Any CPU.ActiveCfg = Debug|Any CPU
		{3C583985-4739-4634-81AA-1DC54D5C0356}.Debug|Any CPU.Build.0 = Debug|Any CPU
		{3C583985-4739-4634-81AA-1DC54D5C0356}.Release|Any CPU.ActiveCfg = Release|Any CPU
		{3C583985-4739-4634-81AA-1DC54D5C0356}.Release|Any CPU.Build.0 = Release|Any CPU
	EndGlobalSection
	GlobalSection(SolutionProperties) = preSolution
		HideSolutionNode = FALSE
	EndGlobalSection
	GlobalSection(ExtensibilityGlobals) = postSolution
		SolutionGuid = {751B359B-5CD5-422D-914C-C4D35BAC84B4}
	EndGlobalSection
EndGlobal
