
Microsoft Visual Studio Solution File, Format Version 12.00
# Visual Studio Version 17
VisualStudioVersion = 17.13.35919.96 d17.13
MinimumVisualStudioVersion = 10.0.40219.1
Project("{FAE04EC0-301F-11D3-BF4B-00C04F79EFBC}") = "Estrucura Selectiva", "Estrucura Selectiva.csproj", "{CE6D57CD-9B47-44A2-9C74-169CC146E688}"
EndProject
Global
	GlobalSection(SolutionConfigurationPlatforms) = preSolution
		Debug|Any CPU = Debug|Any CPU
		Release|Any CPU = Release|Any CPU
	EndGlobalSection
	GlobalSection(ProjectConfigurationPlatforms) = postSolution
		{CE6D57CD-9B47-44A2-9C74-169CC146E688}.Debug|Any CPU.ActiveCfg = Debug|Any CPU
		{CE6D57CD-9B47-44A2-9C74-169CC146E688}.Debug|Any CPU.Build.0 = Debug|Any CPU
		{CE6D57CD-9B47-44A2-9C74-169CC146E688}.Release|Any CPU.ActiveCfg = Release|Any CPU
		{CE6D57CD-9B47-44A2-9C74-169CC146E688}.Release|Any CPU.Build.0 = Release|Any CPU
	EndGlobalSection
	GlobalSection(SolutionProperties) = preSolution
		HideSolutionNode = FALSE
	EndGlobalSection
	GlobalSection(ExtensibilityGlobals) = postSolution
		SolutionGuid = {CCBA8DFB-F64E-41B1-88BA-263B4BB90F5B}
	EndGlobalSection
EndGlobal
