
Microsoft Visual Studio Solution File, Format Version 12.00
# Visual Studio Version 17
VisualStudioVersion = 17.14.36327.8 d17.14
MinimumVisualStudioVersion = 10.0.40219.1
Project("{FAE04EC0-301F-11D3-BF4B-00C04F79EFBC}") = "17-Do-While", "17-Do-While.csproj", "{F2D912D2-F0A1-47A5-8056-7F2BDB327AD1}"
EndProject
Global
	GlobalSection(SolutionConfigurationPlatforms) = preSolution
		Debug|Any CPU = Debug|Any CPU
		Release|Any CPU = Release|Any CPU
	EndGlobalSection
	GlobalSection(ProjectConfigurationPlatforms) = postSolution
		{F2D912D2-F0A1-47A5-8056-7F2BDB327AD1}.Debug|Any CPU.ActiveCfg = Debug|Any CPU
		{F2D912D2-F0A1-47A5-8056-7F2BDB327AD1}.Debug|Any CPU.Build.0 = Debug|Any CPU
		{F2D912D2-F0A1-47A5-8056-7F2BDB327AD1}.Release|Any CPU.ActiveCfg = Release|Any CPU
		{F2D912D2-F0A1-47A5-8056-7F2BDB327AD1}.Release|Any CPU.Build.0 = Release|Any CPU
	EndGlobalSection
	GlobalSection(SolutionProperties) = preSolution
		HideSolutionNode = FALSE
	EndGlobalSection
	GlobalSection(ExtensibilityGlobals) = postSolution
		SolutionGuid = {5581773C-830B-491C-9811-CEE721C6CDDA}
	EndGlobalSection
EndGlobal
