
Microsoft Visual Studio Solution File, Format Version 12.00
# Visual Studio Version 17
VisualStudioVersion = 17.14.36414.22 d17.14
MinimumVisualStudioVersion = 10.0.40219.1
Project("{FAE04EC0-301F-11D3-BF4B-00C04F79EFBC}") = "27-Ejercicio-Array-Bidimencional", "27-Ejercicio-Array-Bidimencional.csproj", "{A288AF76-459E-477F-AB42-9C50E1DF710C}"
EndProject
Global
	GlobalSection(SolutionConfigurationPlatforms) = preSolution
		Debug|Any CPU = Debug|Any CPU
		Release|Any CPU = Release|Any CPU
	EndGlobalSection
	GlobalSection(ProjectConfigurationPlatforms) = postSolution
		{A288AF76-459E-477F-AB42-9C50E1DF710C}.Debug|Any CPU.ActiveCfg = Debug|Any CPU
		{A288AF76-459E-477F-AB42-9C50E1DF710C}.Debug|Any CPU.Build.0 = Debug|Any CPU
		{A288AF76-459E-477F-AB42-9C50E1DF710C}.Release|Any CPU.ActiveCfg = Release|Any CPU
		{A288AF76-459E-477F-AB42-9C50E1DF710C}.Release|Any CPU.Build.0 = Release|Any CPU
	EndGlobalSection
	GlobalSection(SolutionProperties) = preSolution
		HideSolutionNode = FALSE
	EndGlobalSection
	GlobalSection(ExtensibilityGlobals) = postSolution
		SolutionGuid = {02AE6D52-FF9C-427F-8AA1-3EA991879ACC}
	EndGlobalSection
EndGlobal
